
Microsoft Visual Studio Solution File, Format Version 12.00
# Visual Studio 15
VisualStudioVersion = 15.0.27428.2002
MinimumVisualStudioVersion = 10.0.40219.1
Project("{FAE04EC0-301F-11D3-BF4B-00C04F79EFBC}") = "PAET", "PAET\PAET.csproj", "{8F4D543F-8DB2-4AA5-A30F-E5E0560FA222}"
EndProject
Project("{FAE04EC0-301F-11D3-BF4B-00C04F79EFBC}") = "PAET.Infraestructure", "PAET.Infraestructure\PAET.Infraestructure.csproj", "{C9A8E060-FB5E-4964-85BE-75E274CD6562}"
EndProject
Project("{2150E333-8FDC-42A3-9474-1A3956D46DE8}") = "Capa de dominio", "Capa de dominio", "{63AA272D-506C-4AC1-A009-AF772D6C3BEB}"
EndProject
Project("{FAE04EC0-301F-11D3-BF4B-00C04F79EFBC}") = "PAET.Services", "PAET.Services\PAET.Services.csproj", "{F2D6A2A9-0A7F-4F10-84AF-BFD8C9EFBDED}"
EndProject
Project("{FAE04EC0-301F-11D3-BF4B-00C04F79EFBC}") = "PAET.Test", "PAET.Test\PAET.Test.csproj", "{2DF0E517-7D21-4C44-9240-B418FBCEC92C}"
EndProject
Project("{2150E333-8FDC-42A3-9474-1A3956D46DE8}") = "CrossCutting", "CrossCutting", "{15BF96E3-087F-4CA5-B1A0-5D1E93FD3D92}"
EndProject
Project("{FAE04EC0-301F-11D3-BF4B-00C04F79EFBC}") = "PAET.Cache", "PAET.Cache\PAET.Cache.csproj", "{5C94DF93-0EF4-461F-832B-A7882565119C}"
EndProject
Project("{FAE04EC0-301F-11D3-BF4B-00C04F79EFBC}") = "PAET.Comun", "PAET.Comun\PAET.Comun.csproj", "{3C29585B-3D91-4324-A7C8-8521A9E02EBA}"
EndProject
Project("{FAE04EC0-301F-11D3-BF4B-00C04F79EFBC}") = "PAET.Log", "PAET.Log\PAET.Log.csproj", "{5250ACCE-A8B9-4B84-825F-D5950740DAA1}"
EndProject
Project("{FAE04EC0-301F-11D3-BF4B-00C04F79EFBC}") = "PAET.DominioBase", "PAET.DominioBase\PAET.DominioBase.csproj", "{F4CE0BB7-B29C-44E8-925C-5EC238DD26DB}"
EndProject
Project("{FAE04EC0-301F-11D3-BF4B-00C04F79EFBC}") = "PAET.ServiciosBasicos", "PAET.ServiciosBasicos\PAET.ServiciosBasicos.csproj", "{8E1E6C88-77EE-4784-96C4-129E382EE7BD}"
EndProject
Project("{FAE04EC0-301F-11D3-BF4B-00C04F79EFBC}") = "PAET.Operaciones", "PAET.Operaciones\PAET.Operaciones.csproj", "{059FBAE1-3B7B-4D78-851B-C32309D8E88D}"
EndProject
Global
	GlobalSection(SolutionConfigurationPlatforms) = preSolution
		Debug|Any CPU = Debug|Any CPU
		Release|Any CPU = Release|Any CPU
	EndGlobalSection
	GlobalSection(ProjectConfigurationPlatforms) = postSolution
		{8F4D543F-8DB2-4AA5-A30F-E5E0560FA222}.Debug|Any CPU.ActiveCfg = Debug|Any CPU
		{8F4D543F-8DB2-4AA5-A30F-E5E0560FA222}.Debug|Any CPU.Build.0 = Debug|Any CPU
		{8F4D543F-8DB2-4AA5-A30F-E5E0560FA222}.Release|Any CPU.ActiveCfg = Release|Any CPU
		{8F4D543F-8DB2-4AA5-A30F-E5E0560FA222}.Release|Any CPU.Build.0 = Release|Any CPU
		{C9A8E060-FB5E-4964-85BE-75E274CD6562}.Debug|Any CPU.ActiveCfg = Debug|Any CPU
		{C9A8E060-FB5E-4964-85BE-75E274CD6562}.Debug|Any CPU.Build.0 = Debug|Any CPU
		{C9A8E060-FB5E-4964-85BE-75E274CD6562}.Release|Any CPU.ActiveCfg = Release|Any CPU
		{C9A8E060-FB5E-4964-85BE-75E274CD6562}.Release|Any CPU.Build.0 = Release|Any CPU
		{F2D6A2A9-0A7F-4F10-84AF-BFD8C9EFBDED}.Debug|Any CPU.ActiveCfg = Debug|Any CPU
		{F2D6A2A9-0A7F-4F10-84AF-BFD8C9EFBDED}.Debug|Any CPU.Build.0 = Debug|Any CPU
		{F2D6A2A9-0A7F-4F10-84AF-BFD8C9EFBDED}.Release|Any CPU.ActiveCfg = Release|Any CPU
		{F2D6A2A9-0A7F-4F10-84AF-BFD8C9EFBDED}.Release|Any CPU.Build.0 = Release|Any CPU
		{2DF0E517-7D21-4C44-9240-B418FBCEC92C}.Debug|Any CPU.ActiveCfg = Debug|Any CPU
		{2DF0E517-7D21-4C44-9240-B418FBCEC92C}.Debug|Any CPU.Build.0 = Debug|Any CPU
		{2DF0E517-7D21-4C44-9240-B418FBCEC92C}.Release|Any CPU.ActiveCfg = Release|Any CPU
		{2DF0E517-7D21-4C44-9240-B418FBCEC92C}.Release|Any CPU.Build.0 = Release|Any CPU
		{5C94DF93-0EF4-461F-832B-A7882565119C}.Debug|Any CPU.ActiveCfg = Debug|Any CPU
		{5C94DF93-0EF4-461F-832B-A7882565119C}.Debug|Any CPU.Build.0 = Debug|Any CPU
		{5C94DF93-0EF4-461F-832B-A7882565119C}.Release|Any CPU.ActiveCfg = Release|Any CPU
		{5C94DF93-0EF4-461F-832B-A7882565119C}.Release|Any CPU.Build.0 = Release|Any CPU
		{3C29585B-3D91-4324-A7C8-8521A9E02EBA}.Debug|Any CPU.ActiveCfg = Debug|Any CPU
		{3C29585B-3D91-4324-A7C8-8521A9E02EBA}.Debug|Any CPU.Build.0 = Debug|Any CPU
		{3C29585B-3D91-4324-A7C8-8521A9E02EBA}.Release|Any CPU.ActiveCfg = Release|Any CPU
		{3C29585B-3D91-4324-A7C8-8521A9E02EBA}.Release|Any CPU.Build.0 = Release|Any CPU
		{5250ACCE-A8B9-4B84-825F-D5950740DAA1}.Debug|Any CPU.ActiveCfg = Debug|Any CPU
		{5250ACCE-A8B9-4B84-825F-D5950740DAA1}.Debug|Any CPU.Build.0 = Debug|Any CPU
		{5250ACCE-A8B9-4B84-825F-D5950740DAA1}.Release|Any CPU.ActiveCfg = Release|Any CPU
		{5250ACCE-A8B9-4B84-825F-D5950740DAA1}.Release|Any CPU.Build.0 = Release|Any CPU
		{F4CE0BB7-B29C-44E8-925C-5EC238DD26DB}.Debug|Any CPU.ActiveCfg = Debug|Any CPU
		{F4CE0BB7-B29C-44E8-925C-5EC238DD26DB}.Debug|Any CPU.Build.0 = Debug|Any CPU
		{F4CE0BB7-B29C-44E8-925C-5EC238DD26DB}.Release|Any CPU.ActiveCfg = Release|Any CPU
		{F4CE0BB7-B29C-44E8-925C-5EC238DD26DB}.Release|Any CPU.Build.0 = Release|Any CPU
		{8E1E6C88-77EE-4784-96C4-129E382EE7BD}.Debug|Any CPU.ActiveCfg = Debug|Any CPU
		{8E1E6C88-77EE-4784-96C4-129E382EE7BD}.Debug|Any CPU.Build.0 = Debug|Any CPU
		{8E1E6C88-77EE-4784-96C4-129E382EE7BD}.Release|Any CPU.ActiveCfg = Release|Any CPU
		{8E1E6C88-77EE-4784-96C4-129E382EE7BD}.Release|Any CPU.Build.0 = Release|Any CPU
		{059FBAE1-3B7B-4D78-851B-C32309D8E88D}.Debug|Any CPU.ActiveCfg = Debug|Any CPU
		{059FBAE1-3B7B-4D78-851B-C32309D8E88D}.Debug|Any CPU.Build.0 = Debug|Any CPU
		{059FBAE1-3B7B-4D78-851B-C32309D8E88D}.Release|Any CPU.ActiveCfg = Release|Any CPU
		{059FBAE1-3B7B-4D78-851B-C32309D8E88D}.Release|Any CPU.Build.0 = Release|Any CPU
	EndGlobalSection
	GlobalSection(SolutionProperties) = preSolution
		HideSolutionNode = FALSE
	EndGlobalSection
	GlobalSection(NestedProjects) = preSolution
		{F2D6A2A9-0A7F-4F10-84AF-BFD8C9EFBDED} = {63AA272D-506C-4AC1-A009-AF772D6C3BEB}
		{15BF96E3-087F-4CA5-B1A0-5D1E93FD3D92} = {63AA272D-506C-4AC1-A009-AF772D6C3BEB}
		{5C94DF93-0EF4-461F-832B-A7882565119C} = {15BF96E3-087F-4CA5-B1A0-5D1E93FD3D92}
		{3C29585B-3D91-4324-A7C8-8521A9E02EBA} = {63AA272D-506C-4AC1-A009-AF772D6C3BEB}
		{5250ACCE-A8B9-4B84-825F-D5950740DAA1} = {15BF96E3-087F-4CA5-B1A0-5D1E93FD3D92}
		{F4CE0BB7-B29C-44E8-925C-5EC238DD26DB} = {63AA272D-506C-4AC1-A009-AF772D6C3BEB}
		{8E1E6C88-77EE-4784-96C4-129E382EE7BD} = {63AA272D-506C-4AC1-A009-AF772D6C3BEB}
		{059FBAE1-3B7B-4D78-851B-C32309D8E88D} = {15BF96E3-087F-4CA5-B1A0-5D1E93FD3D92}
	EndGlobalSection
	GlobalSection(ExtensibilityGlobals) = postSolution
		SolutionGuid = {79C4F335-4C05-4EF0-BE4C-A3F44FE50156}
	EndGlobalSection
EndGlobal
